
Microsoft Visual Studio Solution File, Format Version 12.00
# Visual Studio 2013
VisualStudioVersion = 12.0.31101.0
MinimumVisualStudioVersion = 10.0.40219.1
Project("{FAE04EC0-301F-11D3-BF4B-00C04F79EFBC}") = "nine9", "nine9\nine9.csproj", "{74DC26C6-3ECE-4911-84F9-F4033162929C}"
EndProject
Project("{FAE04EC0-301F-11D3-BF4B-00C04F79EFBC}") = "nine9.Tests", "nine9.Tests\nine9.Tests.csproj", "{B6B9D5BC-E343-479E-8A17-E6B60F56876D}"
EndProject
Global
	GlobalSection(SolutionConfigurationPlatforms) = preSolution
		Debug|Any CPU = Debug|Any CPU
		Release|Any CPU = Release|Any CPU
	EndGlobalSection
	GlobalSection(ProjectConfigurationPlatforms) = postSolution
		{74DC26C6-3ECE-4911-84F9-F4033162929C}.Debug|Any CPU.ActiveCfg = Debug|Any CPU
		{74DC26C6-3ECE-4911-84F9-F4033162929C}.Debug|Any CPU.Build.0 = Debug|Any CPU
		{74DC26C6-3ECE-4911-84F9-F4033162929C}.Release|Any CPU.ActiveCfg = Release|Any CPU
		{74DC26C6-3ECE-4911-84F9-F4033162929C}.Release|Any CPU.Build.0 = Release|Any CPU
		{B6B9D5BC-E343-479E-8A17-E6B60F56876D}.Debug|Any CPU.ActiveCfg = Debug|Any CPU
		{B6B9D5BC-E343-479E-8A17-E6B60F56876D}.Debug|Any CPU.Build.0 = Debug|Any CPU
		{B6B9D5BC-E343-479E-8A17-E6B60F56876D}.Release|Any CPU.ActiveCfg = Release|Any CPU
		{B6B9D5BC-E343-479E-8A17-E6B60F56876D}.Release|Any CPU.Build.0 = Release|Any CPU
	EndGlobalSection
	GlobalSection(SolutionProperties) = preSolution
		HideSolutionNode = FALSE
	EndGlobalSection
EndGlobal
